// !$*UTF8*$!
{
	archiveVersion = 1;
	classes = {
	};
	objectVersion = 51;
	objects = {

/* Begin PBXBuildFile section */
		A575E7CDF302374357EA453E /* Pods_MyPlaces.framework in Frameworks */ = {isa = PBXBuildFile; fileRef = E045D71357B9B14BFC37CC8E /* Pods_MyPlaces.framework */; };
		E553760E24F7CD1B003DDD5D /* AppDelegate.swift in Sources */ = {isa = PBXBuildFile; fileRef = E553760D24F7CD1B003DDD5D /* AppDelegate.swift */; };
		E553761024F7CD1B003DDD5D /* SceneDelegate.swift in Sources */ = {isa = PBXBuildFile; fileRef = E553760F24F7CD1B003DDD5D /* SceneDelegate.swift */; };
		E553761524F7CD1B003DDD5D /* Main.storyboard in Resources */ = {isa = PBXBuildFile; fileRef = E553761324F7CD1B003DDD5D /* Main.storyboard */; };
		E553761724F7CD1C003DDD5D /* Assets.xcassets in Resources */ = {isa = PBXBuildFile; fileRef = E553761624F7CD1C003DDD5D /* Assets.xcassets */; };
		E553761A24F7CD1C003DDD5D /* LaunchScreen.storyboard in Resources */ = {isa = PBXBuildFile; fileRef = E553761824F7CD1C003DDD5D /* LaunchScreen.storyboard */; };
		E553762224F7CE5C003DDD5D /* MainViewController.swift in Sources */ = {isa = PBXBuildFile; fileRef = E553762124F7CE5C003DDD5D /* MainViewController.swift */; };
		E553762424F7EFEF003DDD5D /* CustomTableViewCell.swift in Sources */ = {isa = PBXBuildFile; fileRef = E553762324F7EFEF003DDD5D /* CustomTableViewCell.swift */; };
		E553762624F7F77C003DDD5D /* PlaceModel.swift in Sources */ = {isa = PBXBuildFile; fileRef = E553762524F7F77C003DDD5D /* PlaceModel.swift */; };
		E553762824F8399E003DDD5D /* NewPlaceViewController.swift in Sources */ = {isa = PBXBuildFile; fileRef = E553762724F8399E003DDD5D /* NewPlaceViewController.swift */; };
		E553762A24FCC718003DDD5D /* StorageManager.swift in Sources */ = {isa = PBXBuildFile; fileRef = E553762924FCC718003DDD5D /* StorageManager.swift */; };
		E5537B1624FD10AB00026E25 /* RatingControl.swift in Sources */ = {isa = PBXBuildFile; fileRef = E5537B1524FD10AB00026E25 /* RatingControl.swift */; };
		E5581A77250F67D6007BCB3B /* MapManager.swift in Sources */ = {isa = PBXBuildFile; fileRef = E5581A76250F67D6007BCB3B /* MapManager.swift */; };
		E568AE8A24FF93ED00C854B5 /* MapViewController.swift in Sources */ = {isa = PBXBuildFile; fileRef = E568AE8924FF93ED00C854B5 /* MapViewController.swift */; };
		E58690AB26602B7F00E58627 /* Screenshot01.png in Resources */ = {isa = PBXBuildFile; fileRef = E58690A826602B7F00E58627 /* Screenshot01.png */; };
		E58690B226602BC900E58627 /* Screenshot02.png in Resources */ = {isa = PBXBuildFile; fileRef = E58690B126602BC900E58627 /* Screenshot02.png */; };
		E58690B526602BD000E58627 /* Screenshot03.png in Resources */ = {isa = PBXBuildFile; fileRef = E58690B426602BD000E58627 /* Screenshot03.png */; };
/* End PBXBuildFile section */

/* Begin PBXFileReference section */
		21A995545762A6E63D2BD064 /* Pods-MyPlaces.debug.xcconfig */ = {isa = PBXFileReference; includeInIndex = 1; lastKnownFileType = text.xcconfig; name = "Pods-MyPlaces.debug.xcconfig"; path = "Target Support Files/Pods-MyPlaces/Pods-MyPlaces.debug.xcconfig"; sourceTree = "<group>"; };
		A8A6F310C2F7927CED0E9679 /* Pods-MyPlaces.release.xcconfig */ = {isa = PBXFileReference; includeInIndex = 1; lastKnownFileType = text.xcconfig; name = "Pods-MyPlaces.release.xcconfig"; path = "Target Support Files/Pods-MyPlaces/Pods-MyPlaces.release.xcconfig"; sourceTree = "<group>"; };
		E045D71357B9B14BFC37CC8E /* Pods_MyPlaces.framework */ = {isa = PBXFileReference; explicitFileType = wrapper.framework; includeInIndex = 0; path = Pods_MyPlaces.framework; sourceTree = BUILT_PRODUCTS_DIR; };
		E553760A24F7CD1B003DDD5D /* MyPlaces.app */ = {isa = PBXFileReference; explicitFileType = wrapper.application; includeInIndex = 0; path = MyPlaces.app; sourceTree = BUILT_PRODUCTS_DIR; };
		E553760D24F7CD1B003DDD5D /* AppDelegate.swift */ = {isa = PBXFileReference; lastKnownFileType = sourcecode.swift; path = AppDelegate.swift; sourceTree = "<group>"; };
		E553760F24F7CD1B003DDD5D /* SceneDelegate.swift */ = {isa = PBXFileReference; lastKnownFileType = sourcecode.swift; path = SceneDelegate.swift; sourceTree = "<group>"; };
		E553761424F7CD1B003DDD5D /* Base */ = {isa = PBXFileReference; lastKnownFileType = file.storyboard; name = Base; path = Base.lproj/Main.storyboard; sourceTree = "<group>"; };
		E553761624F7CD1C003DDD5D /* Assets.xcassets */ = {isa = PBXFileReference; lastKnownFileType = folder.assetcatalog; path = Assets.xcassets; sourceTree = "<group>"; };
		E553761924F7CD1C003DDD5D /* Base */ = {isa = PBXFileReference; lastKnownFileType = file.storyboard; name = Base; path = Base.lproj/LaunchScreen.storyboard; sourceTree = "<group>"; };
		E553761B24F7CD1C003DDD5D /* Info.plist */ = {isa = PBXFileReference; lastKnownFileType = text.plist.xml; path = Info.plist; sourceTree = "<group>"; };
		E553762124F7CE5C003DDD5D /* MainViewController.swift */ = {isa = PBXFileReference; lastKnownFileType = sourcecode.swift; path = MainViewController.swift; sourceTree = "<group>"; };
		E553762324F7EFEF003DDD5D /* CustomTableViewCell.swift */ = {isa = PBXFileReference; lastKnownFileType = sourcecode.swift; path = CustomTableViewCell.swift; sourceTree = "<group>"; };
		E553762524F7F77C003DDD5D /* PlaceModel.swift */ = {isa = PBXFileReference; lastKnownFileType = sourcecode.swift; path = PlaceModel.swift; sourceTree = "<group>"; };
		E553762724F8399E003DDD5D /* NewPlaceViewController.swift */ = {isa = PBXFileReference; lastKnownFileType = sourcecode.swift; path = NewPlaceViewController.swift; sourceTree = "<group>"; };
		E553762924FCC718003DDD5D /* StorageManager.swift */ = {isa = PBXFileReference; lastKnownFileType = sourcecode.swift; path = StorageManager.swift; sourceTree = "<group>"; };
		E5537B1524FD10AB00026E25 /* RatingControl.swift */ = {isa = PBXFileReference; lastKnownFileType = sourcecode.swift; path = RatingControl.swift; sourceTree = "<group>"; };
		E5581A76250F67D6007BCB3B /* MapManager.swift */ = {isa = PBXFileReference; lastKnownFileType = sourcecode.swift; path = MapManager.swift; sourceTree = "<group>"; };
		E568AE8924FF93ED00C854B5 /* MapViewController.swift */ = {isa = PBXFileReference; lastKnownFileType = sourcecode.swift; path = MapViewController.swift; sourceTree = "<group>"; };
		E58690A826602B7F00E58627 /* Screenshot01.png */ = {isa = PBXFileReference; lastKnownFileType = image.png; path = Screenshot01.png; sourceTree = "<group>"; };
		E58690B126602BC900E58627 /* Screenshot02.png */ = {isa = PBXFileReference; lastKnownFileType = image.png; path = Screenshot02.png; sourceTree = "<group>"; };
		E58690B426602BD000E58627 /* Screenshot03.png */ = {isa = PBXFileReference; lastKnownFileType = image.png; path = Screenshot03.png; sourceTree = "<group>"; };
/* End PBXFileReference section */

/* Begin PBXFrameworksBuildPhase section */
		E553760724F7CD1B003DDD5D /* Frameworks */ = {
			isa = PBXFrameworksBuildPhase;
			buildActionMask = 2147483647;
			files = (
				A575E7CDF302374357EA453E /* Pods_MyPlaces.framework in Frameworks */,
			);
			runOnlyForDeploymentPostprocessing = 0;
		};
/* End PBXFrameworksBuildPhase section */

/* Begin PBXGroup section */
		42A2B191BFF827048769350F /* Frameworks */ = {
			isa = PBXGroup;
			children = (
				E045D71357B9B14BFC37CC8E /* Pods_MyPlaces.framework */,
			);
			name = Frameworks;
			sourceTree = "<group>";
		};
		A45FA3C992B0A52F1422DBE4 /* Pods */ = {
			isa = PBXGroup;
			children = (
				21A995545762A6E63D2BD064 /* Pods-MyPlaces.debug.xcconfig */,
				A8A6F310C2F7927CED0E9679 /* Pods-MyPlaces.release.xcconfig */,
			);
			path = Pods;
			sourceTree = "<group>";
		};
		E553760124F7CD1B003DDD5D = {
			isa = PBXGroup;
			children = (
				E553760C24F7CD1B003DDD5D /* MyPlaces */,
				E553760B24F7CD1B003DDD5D /* Products */,
				A45FA3C992B0A52F1422DBE4 /* Pods */,
				42A2B191BFF827048769350F /* Frameworks */,
			);
			sourceTree = "<group>";
		};
		E553760B24F7CD1B003DDD5D /* Products */ = {
			isa = PBXGroup;
			children = (
				E553760A24F7CD1B003DDD5D /* MyPlaces.app */,
			);
			name = Products;
			sourceTree = "<group>";
		};
		E553760C24F7CD1B003DDD5D /* MyPlaces */ = {
			isa = PBXGroup;
			children = (
				E58690A726602B6B00E58627 /* Screenshots */,
				E5581A78250F772A007BCB3B /* ViewControllers */,
				E5581A7A250F7759007BCB3B /* Helpers */,
				E5581A79250F774B007BCB3B /* Models */,
				E5581A7B250F777A007BCB3B /* Support Files */,
				E5581A7C250F77AC007BCB3B /* IBuilder */,
			);
			path = MyPlaces;
			sourceTree = "<group>";
		};
		E5581A78250F772A007BCB3B /* ViewControllers */ = {
			isa = PBXGroup;
			children = (
				E553762124F7CE5C003DDD5D /* MainViewController.swift */,
				E553762724F8399E003DDD5D /* NewPlaceViewController.swift */,
				E568AE8924FF93ED00C854B5 /* MapViewController.swift */,
				E553762324F7EFEF003DDD5D /* CustomTableViewCell.swift */,
			);
			path = ViewControllers;
			sourceTree = "<group>";
		};
		E5581A79250F774B007BCB3B /* Models */ = {
			isa = PBXGroup;
			children = (
				E553762524F7F77C003DDD5D /* PlaceModel.swift */,
			);
			path = Models;
			sourceTree = "<group>";
		};
		E5581A7A250F7759007BCB3B /* Helpers */ = {
			isa = PBXGroup;
			children = (
				E5581A76250F67D6007BCB3B /* MapManager.swift */,
				E553762924FCC718003DDD5D /* StorageManager.swift */,
				E5537B1524FD10AB00026E25 /* RatingControl.swift */,
			);
			path = Helpers;
			sourceTree = "<group>";
		};
		E5581A7B250F777A007BCB3B /* Support Files */ = {
			isa = PBXGroup;
			children = (
				E553760D24F7CD1B003DDD5D /* AppDelegate.swift */,
				E553761624F7CD1C003DDD5D /* Assets.xcassets */,
				E553760F24F7CD1B003DDD5D /* SceneDelegate.swift */,
				E553761B24F7CD1C003DDD5D /* Info.plist */,
			);
			path = "Support Files";
			sourceTree = "<group>";
		};
		E5581A7C250F77AC007BCB3B /* IBuilder */ = {
			isa = PBXGroup;
			children = (
				E553761324F7CD1B003DDD5D /* Main.storyboard */,
				E553761824F7CD1C003DDD5D /* LaunchScreen.storyboard */,
			);
			path = IBuilder;
			sourceTree = "<group>";
		};
		E58690A726602B6B00E58627 /* Screenshots */ = {
			isa = PBXGroup;
			children = (
				E58690A826602B7F00E58627 /* Screenshot01.png */,
				E58690B126602BC900E58627 /* Screenshot02.png */,
				E58690B426602BD000E58627 /* Screenshot03.png */,
			);
			path = Screenshots;
			sourceTree = "<group>";
		};
/* End PBXGroup section */

/* Begin PBXNativeTarget section */
		E553760924F7CD1B003DDD5D /* MyPlaces */ = {
			isa = PBXNativeTarget;
			buildConfigurationList = E553761E24F7CD1C003DDD5D /* Build configuration list for PBXNativeTarget "MyPlaces" */;
			buildPhases = (
				54A5076F630880EF505E1B2B /* [CP] Check Pods Manifest.lock */,
				E553760624F7CD1B003DDD5D /* Sources */,
				E553760724F7CD1B003DDD5D /* Frameworks */,
				E553760824F7CD1B003DDD5D /* Resources */,
				B4191B4A3DEBE72B1C397DB6 /* [CP] Embed Pods Frameworks */,
			);
			buildRules = (
			);
			dependencies = (
			);
			name = MyPlaces;
			productName = MyPlaces;
			productReference = E553760A24F7CD1B003DDD5D /* MyPlaces.app */;
			productType = "com.apple.product-type.application";
		};
/* End PBXNativeTarget section */

/* Begin PBXProject section */
		E553760224F7CD1B003DDD5D /* Project object */ = {
			isa = PBXProject;
			attributes = {
				LastSwiftUpdateCheck = 1150;
				LastUpgradeCheck = 1240;
				ORGANIZATIONNAME = "Nikita Kochetov";
				TargetAttributes = {
					E553760924F7CD1B003DDD5D = {
						CreatedOnToolsVersion = 11.5;
					};
				};
			};
			buildConfigurationList = E553760524F7CD1B003DDD5D /* Build configuration list for PBXProject "MyPlaces" */;
			compatibilityVersion = "Xcode 9.3";
			developmentRegion = en;
			hasScannedForEncodings = 0;
			knownRegions = (
				en,
				Base,
			);
			mainGroup = E553760124F7CD1B003DDD5D;
			productRefGroup = E553760B24F7CD1B003DDD5D /* Products */;
			projectDirPath = "";
			projectRoot = "";
			targets = (
				E553760924F7CD1B003DDD5D /* MyPlaces */,
			);
		};
/* End PBXProject section */

/* Begin PBXResourcesBuildPhase section */
		E553760824F7CD1B003DDD5D /* Resources */ = {
			isa = PBXResourcesBuildPhase;
			buildActionMask = 2147483647;
			files = (
				E553761A24F7CD1C003DDD5D /* LaunchScreen.storyboard in Resources */,
				E553761724F7CD1C003DDD5D /* Assets.xcassets in Resources */,
				E58690B526602BD000E58627 /* Screenshot03.png in Resources */,
				E58690AB26602B7F00E58627 /* Screenshot01.png in Resources */,
				E58690B226602BC900E58627 /* Screenshot02.png in Resources */,
				E553761524F7CD1B003DDD5D /* Main.storyboard in Resources */,
			);
			runOnlyForDeploymentPostprocessing = 0;
		};
/* End PBXResourcesBuildPhase section */

/* Begin PBXShellScriptBuildPhase section */
		54A5076F630880EF505E1B2B /* [CP] Check Pods Manifest.lock */ = {
			isa = PBXShellScriptBuildPhase;
			buildActionMask = 2147483647;
			files = (
			);
			inputFileListPaths = (
			);
			inputPaths = (
				"${PODS_PODFILE_DIR_PATH}/Podfile.lock",
				"${PODS_ROOT}/Manifest.lock",
			);
			name = "[CP] Check Pods Manifest.lock";
			outputFileListPaths = (
			);
			outputPaths = (
				"$(DERIVED_FILE_DIR)/Pods-MyPlaces-checkManifestLockResult.txt",
			);
			runOnlyForDeploymentPostprocessing = 0;
			shellPath = /bin/sh;
			shellScript = "diff \"${PODS_PODFILE_DIR_PATH}/Podfile.lock\" \"${PODS_ROOT}/Manifest.lock\" > /dev/null\nif [ $? != 0 ] ; then\n    # print error to STDERR\n    echo \"error: The sandbox is not in sync with the Podfile.lock. Run 'pod install' or update your CocoaPods installation.\" >&2\n    exit 1\nfi\n# This output is used by Xcode 'outputs' to avoid re-running this script phase.\necho \"SUCCESS\" > \"${SCRIPT_OUTPUT_FILE_0}\"\n";
			showEnvVarsInLog = 0;
		};
		B4191B4A3DEBE72B1C397DB6 /* [CP] Embed Pods Frameworks */ = {
			isa = PBXShellScriptBuildPhase;
			buildActionMask = 2147483647;
			files = (
			);
			inputFileListPaths = (
				"${PODS_ROOT}/Target Support Files/Pods-MyPlaces/Pods-MyPlaces-frameworks-${CONFIGURATION}-input-files.xcfilelist",
			);
			name = "[CP] Embed Pods Frameworks";
			outputFileListPaths = (
				"${PODS_ROOT}/Target Support Files/Pods-MyPlaces/Pods-MyPlaces-frameworks-${CONFIGURATION}-output-files.xcfilelist",
			);
			runOnlyForDeploymentPostprocessing = 0;
			shellPath = /bin/sh;
			shellScript = "\"${PODS_ROOT}/Target Support Files/Pods-MyPlaces/Pods-MyPlaces-frameworks.sh\"\n";
			showEnvVarsInLog = 0;
		};
/* End PBXShellScriptBuildPhase section */

/* Begin PBXSourcesBuildPhase section */
		E553760624F7CD1B003DDD5D /* Sources */ = {
			isa = PBXSourcesBuildPhase;
			buildActionMask = 2147483647;
			files = (
				E553760E24F7CD1B003DDD5D /* AppDelegate.swift in Sources */,
				E553762824F8399E003DDD5D /* NewPlaceViewController.swift in Sources */,
				E553762224F7CE5C003DDD5D /* MainViewController.swift in Sources */,
				E553762A24FCC718003DDD5D /* StorageManager.swift in Sources */,
				E568AE8A24FF93ED00C854B5 /* MapViewController.swift in Sources */,
				E5537B1624FD10AB00026E25 /* RatingControl.swift in Sources */,
				E5581A77250F67D6007BCB3B /* MapManager.swift in Sources */,
				E553762624F7F77C003DDD5D /* PlaceModel.swift in Sources */,
				E553762424F7EFEF003DDD5D /* CustomTableViewCell.swift in Sources */,
				E553761024F7CD1B003DDD5D /* SceneDelegate.swift in Sources */,
			);
			runOnlyForDeploymentPostprocessing = 0;
		};
/* End PBXSourcesBuildPhase section */

/* Begin PBXVariantGroup section */
		E553761324F7CD1B003DDD5D /* Main.storyboard */ = {
			isa = PBXVariantGroup;
			children = (
				E553761424F7CD1B003DDD5D /* Base */,
			);
			name = Main.storyboard;
			sourceTree = "<group>";
		};
		E553761824F7CD1C003DDD5D /* LaunchScreen.storyboard */ = {
			isa = PBXVariantGroup;
			children = (
				E553761924F7CD1C003DDD5D /* Base */,
			);
			name = LaunchScreen.storyboard;
			sourceTree = "<group>";
		};
/* End PBXVariantGroup section */

/* Begin XCBuildConfiguration section */
		E553761C24F7CD1C003DDD5D /* Debug */ = {
			isa = XCBuildConfiguration;
			buildSettings = {
				ALWAYS_SEARCH_USER_PATHS = NO;
				CLANG_ANALYZER_NONNULL = YES;
				CLANG_ANALYZER_NUMBER_OBJECT_CONVERSION = YES_AGGRESSIVE;
				CLANG_CXX_LANGUAGE_STANDARD = "gnu++14";
				CLANG_CXX_LIBRARY = "libc++";
				CLANG_ENABLE_MODULES = YES;
				CLANG_ENABLE_OBJC_ARC = YES;
				CLANG_ENABLE_OBJC_WEAK = YES;
				CLANG_WARN_BLOCK_CAPTURE_AUTORELEASING = YES;
				CLANG_WARN_BOOL_CONVERSION = YES;
				CLANG_WARN_COMMA = YES;
				CLANG_WARN_CONSTANT_CONVERSION = YES;
				CLANG_WARN_DEPRECATED_OBJC_IMPLEMENTATIONS = YES;
				CLANG_WARN_DIRECT_OBJC_ISA_USAGE = YES_ERROR;
				CLANG_WARN_DOCUMENTATION_COMMENTS = YES;
				CLANG_WARN_EMPTY_BODY = YES;
				CLANG_WARN_ENUM_CONVERSION = YES;
				CLANG_WARN_INFINITE_RECURSION = YES;
				CLANG_WARN_INT_CONVERSION = YES;
				CLANG_WARN_NON_LITERAL_NULL_CONVERSION = YES;
				CLANG_WARN_OBJC_IMPLICIT_RETAIN_SELF = YES;
				CLANG_WARN_OBJC_LITERAL_CONVERSION = YES;
				CLANG_WARN_OBJC_ROOT_CLASS = YES_ERROR;
				CLANG_WARN_QUOTED_INCLUDE_IN_FRAMEWORK_HEADER = YES;
				CLANG_WARN_RANGE_LOOP_ANALYSIS = YES;
				CLANG_WARN_STRICT_PROTOTYPES = YES;
				CLANG_WARN_SUSPICIOUS_MOVE = YES;
				CLANG_WARN_UNGUARDED_AVAILABILITY = YES_AGGRESSIVE;
				CLANG_WARN_UNREACHABLE_CODE = YES;
				CLANG_WARN__DUPLICATE_METHOD_MATCH = YES;
				COPY_PHASE_STRIP = NO;
				DEBUG_INFORMATION_FORMAT = dwarf;
				ENABLE_STRICT_OBJC_MSGSEND = YES;
				ENABLE_TESTABILITY = YES;
				GCC_C_LANGUAGE_STANDARD = gnu11;
				GCC_DYNAMIC_NO_PIC = NO;
				GCC_NO_COMMON_BLOCKS = YES;
				GCC_OPTIMIZATION_LEVEL = 0;
				GCC_PREPROCESSOR_DEFINITIONS = (
					"DEBUG=1",
					"$(inherited)",
				);
				GCC_WARN_64_TO_32_BIT_CONVERSION = YES;
				GCC_WARN_ABOUT_RETURN_TYPE = YES_ERROR;
				GCC_WARN_UNDECLARED_SELECTOR = YES;
				GCC_WARN_UNINITIALIZED_AUTOS = YES_AGGRESSIVE;
				GCC_WARN_UNUSED_FUNCTION = YES;
				GCC_WARN_UNUSED_VARIABLE = YES;
				IPHONEOS_DEPLOYMENT_TARGET = 13.5;
				MTL_ENABLE_DEBUG_INFO = INCLUDE_SOURCE;
				MTL_FAST_MATH = YES;
				ONLY_ACTIVE_ARCH = YES;
				SDKROOT = iphoneos;
				SWIFT_ACTIVE_COMPILATION_CONDITIONS = DEBUG;
				SWIFT_OPTIMIZATION_LEVEL = "-Onone";
			};
			name = Debug;
		};
		E553761D24F7CD1C003DDD5D /* Release */ = {
			isa = XCBuildConfiguration;
			buildSettings = {
				ALWAYS_SEARCH_USER_PATHS = NO;
				CLANG_ANALYZER_NONNULL = YES;
				CLANG_ANALYZER_NUMBER_OBJECT_CONVERSION = YES_AGGRESSIVE;
				CLANG_CXX_LANGUAGE_STANDARD = "gnu++14";
				CLANG_CXX_LIBRARY = "libc++";
				CLANG_ENABLE_MODULES = YES;
				CLANG_ENABLE_OBJC_ARC = YES;
				CLANG_ENABLE_OBJC_WEAK = YES;
				CLANG_WARN_BLOCK_CAPTURE_AUTORELEASING = YES;
				CLANG_WARN_BOOL_CONVERSION = YES;
				CLANG_WARN_COMMA = YES;
				CLANG_WARN_CONSTANT_CONVERSION = YES;
				CLANG_WARN_DEPRECATED_OBJC_IMPLEMENTATIONS = YES;
				CLANG_WARN_DIRECT_OBJC_ISA_USAGE = YES_ERROR;
				CLANG_WARN_DOCUMENTATION_COMMENTS = YES;
				CLANG_WARN_EMPTY_BODY = YES;
				CLANG_WARN_ENUM_CONVERSION = YES;
				CLANG_WARN_INFINITE_RECURSION = YES;
				CLANG_WARN_INT_CONVERSION = YES;
				CLANG_WARN_NON_LITERAL_NULL_CONVERSION = YES;
				CLANG_WARN_OBJC_IMPLICIT_RETAIN_SELF = YES;
				CLANG_WARN_OBJC_LITERAL_CONVERSION = YES;
				CLANG_WARN_OBJC_ROOT_CLASS = YES_ERROR;
				CLANG_WARN_QUOTED_INCLUDE_IN_FRAMEWORK_HEADER = YES;
				CLANG_WARN_RANGE_LOOP_ANALYSIS = YES;
				CLANG_WARN_STRICT_PROTOTYPES = YES;
				CLANG_WARN_SUSPICIOUS_MOVE = YES;
				CLANG_WARN_UNGUARDED_AVAILABILITY = YES_AGGRESSIVE;
				CLANG_WARN_UNREACHABLE_CODE = YES;
				CLANG_WARN__DUPLICATE_METHOD_MATCH = YES;
				COPY_PHASE_STRIP = NO;
				DEBUG_INFORMATION_FORMAT = "dwarf-with-dsym";
				ENABLE_NS_ASSERTIONS = NO;
				ENABLE_STRICT_OBJC_MSGSEND = YES;
				GCC_C_LANGUAGE_STANDARD = gnu11;
				GCC_NO_COMMON_BLOCKS = YES;
				GCC_WARN_64_TO_32_BIT_CONVERSION = YES;
				GCC_WARN_ABOUT_RETURN_TYPE = YES_ERROR;
				GCC_WARN_UNDECLARED_SELECTOR = YES;
				GCC_WARN_UNINITIALIZED_AUTOS = YES_AGGRESSIVE;
				GCC_WARN_UNUSED_FUNCTION = YES;
				GCC_WARN_UNUSED_VARIABLE = YES;
				IPHONEOS_DEPLOYMENT_TARGET = 13.5;
				MTL_ENABLE_DEBUG_INFO = NO;
				MTL_FAST_MATH = YES;
				SDKROOT = iphoneos;
				SWIFT_COMPILATION_MODE = wholemodule;
				SWIFT_OPTIMIZATION_LEVEL = "-O";
				VALIDATE_PRODUCT = YES;
			};
			name = Release;
		};
		E553761F24F7CD1C003DDD5D /* Debug */ = {
			isa = XCBuildConfiguration;
			baseConfigurationReference = 21A995545762A6E63D2BD064 /* Pods-MyPlaces.debug.xcconfig */;
			buildSettings = {
				ASSETCATALOG_COMPILER_APPICON_NAME = AppIcon;
				CODE_SIGN_STYLE = Automatic;
				DEVELOPMENT_TEAM = UZZW6YBBKN;
				INFOPLIST_FILE = "MyPlaces/Support Files/Info.plist";
				LD_RUNPATH_SEARCH_PATHS = (
					"$(inherited)",
					"@executable_path/Frameworks",
				);
				PRODUCT_BUNDLE_IDENTIFIER = nikko.MyPlaces;
				PRODUCT_NAME = "$(TARGET_NAME)";
				SWIFT_VERSION = 5.0;
				TARGETED_DEVICE_FAMILY = "1,2";
			};
			name = Debug;
		};
		E553762024F7CD1C003DDD5D /* Release */ = {
			isa = XCBuildConfiguration;
			baseConfigurationReference = A8A6F310C2F7927CED0E9679 /* Pods-MyPlaces.release.xcconfig */;
			buildSettings = {
				ASSETCATALOG_COMPILER_APPICON_NAME = AppIcon;
				CODE_SIGN_STYLE = Automatic;
				DEVELOPMENT_TEAM = UZZW6YBBKN;
				INFOPLIST_FILE = "MyPlaces/Support Files/Info.plist";
				LD_RUNPATH_SEARCH_PATHS = (
					"$(inherited)",
					"@executable_path/Frameworks",
				);
				PRODUCT_BUNDLE_IDENTIFIER = nikko.MyPlaces;
				PRODUCT_NAME = "$(TARGET_NAME)";
				SWIFT_VERSION = 5.0;
				TARGETED_DEVICE_FAMILY = "1,2";
			};
			name = Release;
		};
/* End XCBuildConfiguration section */

/* Begin XCConfigurationList section */
		E553760524F7CD1B003DDD5D /* Build configuration list for PBXProject "MyPlaces" */ = {
			isa = XCConfigurationList;
			buildConfigurations = (
				E553761C24F7CD1C003DDD5D /* Debug */,
				E553761D24F7CD1C003DDD5D /* Release */,
			);
			defaultConfigurationIsVisible = 0;
			defaultConfigurationName = Release;
		};
		E553761E24F7CD1C003DDD5D /* Build configuration list for PBXNativeTarget "MyPlaces" */ = {
			isa = XCConfigurationList;
			buildConfigurations = (
				E553761F24F7CD1C003DDD5D /* Debug */,
				E553762024F7CD1C003DDD5D /* Release */,
			);
			defaultConfigurationIsVisible = 0;
			defaultConfigurationName = Release;
		};
/* End XCConfigurationList section */
	};
	rootObject = E553760224F7CD1B003DDD5D /* Project object */;
}
